
Microsoft Visual Studio Solution File, Format Version 12.00
# Visual Studio 15
VisualStudioVersion = 15.0.28307.329
MinimumVisualStudioVersion = 10.0.40219.1
Project("{FAE04EC0-301F-11D3-BF4B-00C04F79EFBC}") = "DataBindingDemo1.Android", "DataBindingDemo1\DataBindingDemo1.Android\DataBindingDemo1.Android.csproj", "{4D7D84DA-A4AF-4238-9CC5-A9ED615A70E0}"
EndProject
Project("{FAE04EC0-301F-11D3-BF4B-00C04F79EFBC}") = "DataBindingDemo1.iOS", "DataBindingDemo1\DataBindingDemo1.iOS\DataBindingDemo1.iOS.csproj", "{4A931D1D-9848-4920-821E-FA1D035EF4F2}"
EndProject
Project("{FAE04EC0-301F-11D3-BF4B-00C04F79EFBC}") = "DataBindingDemo1", "DataBindingDemo1\DataBindingDemo1\DataBindingDemo1.csproj", "{309B780B-3D41-46B4-ACC3-A6E4547CB048}"
EndProject
Global
	GlobalSection(SolutionConfigurationPlatforms) = preSolution
		Ad-Hoc|Any CPU = Ad-Hoc|Any CPU
		Ad-Hoc|iPhone = Ad-Hoc|iPhone
		Ad-Hoc|iPhoneSimulator = Ad-Hoc|iPhoneSimulator
		AppStore|Any CPU = AppStore|Any CPU
		AppStore|iPhone = AppStore|iPhone
		AppStore|iPhoneSimulator = AppStore|iPhoneSimulator
		Debug|Any CPU = Debug|Any CPU
		Debug|iPhone = Debug|iPhone
		Debug|iPhoneSimulator = Debug|iPhoneSimulator
		Release|Any CPU = Release|Any CPU
		Release|iPhone = Release|iPhone
		Release|iPhoneSimulator = Release|iPhoneSimulator
	EndGlobalSection
	GlobalSection(ProjectConfigurationPlatforms) = postSolution
		{4D7D84DA-A4AF-4238-9CC5-A9ED615A70E0}.Ad-Hoc|Any CPU.ActiveCfg = Release|Any CPU
		{4D7D84DA-A4AF-4238-9CC5-A9ED615A70E0}.Ad-Hoc|Any CPU.Build.0 = Release|Any CPU
		{4D7D84DA-A4AF-4238-9CC5-A9ED615A70E0}.Ad-Hoc|Any CPU.Deploy.0 = Release|Any CPU
		{4D7D84DA-A4AF-4238-9CC5-A9ED615A70E0}.Ad-Hoc|iPhone.ActiveCfg = Release|Any CPU
		{4D7D84DA-A4AF-4238-9CC5-A9ED615A70E0}.Ad-Hoc|iPhone.Build.0 = Release|Any CPU
		{4D7D84DA-A4AF-4238-9CC5-A9ED615A70E0}.Ad-Hoc|iPhone.Deploy.0 = Release|Any CPU
		{4D7D84DA-A4AF-4238-9CC5-A9ED615A70E0}.Ad-Hoc|iPhoneSimulator.ActiveCfg = Release|Any CPU
		{4D7D84DA-A4AF-4238-9CC5-A9ED615A70E0}.Ad-Hoc|iPhoneSimulator.Build.0 = Release|Any CPU
		{4D7D84DA-A4AF-4238-9CC5-A9ED615A70E0}.Ad-Hoc|iPhoneSimulator.Deploy.0 = Release|Any CPU
		{4D7D84DA-A4AF-4238-9CC5-A9ED615A70E0}.AppStore|Any CPU.ActiveCfg = Release|Any CPU
		{4D7D84DA-A4AF-4238-9CC5-A9ED615A70E0}.AppStore|Any CPU.Build.0 = Release|Any CPU
		{4D7D84DA-A4AF-4238-9CC5-A9ED615A70E0}.AppStore|Any CPU.Deploy.0 = Release|Any CPU
		{4D7D84DA-A4AF-4238-9CC5-A9ED615A70E0}.AppStore|iPhone.ActiveCfg = Release|Any CPU
		{4D7D84DA-A4AF-4238-9CC5-A9ED615A70E0}.AppStore|iPhone.Build.0 = Release|Any CPU
		{4D7D84DA-A4AF-4238-9CC5-A9ED615A70E0}.AppStore|iPhone.Deploy.0 = Release|Any CPU
		{4D7D84DA-A4AF-4238-9CC5-A9ED615A70E0}.AppStore|iPhoneSimulator.ActiveCfg = Release|Any CPU
		{4D7D84DA-A4AF-4238-9CC5-A9ED615A70E0}.AppStore|iPhoneSimulator.Build.0 = Release|Any CPU
		{4D7D84DA-A4AF-4238-9CC5-A9ED615A70E0}.AppStore|iPhoneSimulator.Deploy.0 = Release|Any CPU
		{4D7D84DA-A4AF-4238-9CC5-A9ED615A70E0}.Debug|Any CPU.ActiveCfg = Debug|Any CPU
		{4D7D84DA-A4AF-4238-9CC5-A9ED615A70E0}.Debug|Any CPU.Build.0 = Debug|Any CPU
		{4D7D84DA-A4AF-4238-9CC5-A9ED615A70E0}.Debug|Any CPU.Deploy.0 = Debug|Any CPU
		{4D7D84DA-A4AF-4238-9CC5-A9ED615A70E0}.Debug|iPhone.ActiveCfg = Debug|Any CPU
		{4D7D84DA-A4AF-4238-9CC5-A9ED615A70E0}.Debug|iPhone.Build.0 = Debug|Any CPU
		{4D7D84DA-A4AF-4238-9CC5-A9ED615A70E0}.Debug|iPhone.Deploy.0 = Debug|Any CPU
		{4D7D84DA-A4AF-4238-9CC5-A9ED615A70E0}.Debug|iPhoneSimulator.ActiveCfg = Debug|Any CPU
		{4D7D84DA-A4AF-4238-9CC5-A9ED615A70E0}.Debug|iPhoneSimulator.Build.0 = Debug|Any CPU
		{4D7D84DA-A4AF-4238-9CC5-A9ED615A70E0}.Debug|iPhoneSimulator.Deploy.0 = Debug|Any CPU
		{4D7D84DA-A4AF-4238-9CC5-A9ED615A70E0}.Release|Any CPU.ActiveCfg = Release|Any CPU
		{4D7D84DA-A4AF-4238-9CC5-A9ED615A70E0}.Release|Any CPU.Build.0 = Release|Any CPU
		{4D7D84DA-A4AF-4238-9CC5-A9ED615A70E0}.Release|Any CPU.Deploy.0 = Release|Any CPU
		{4D7D84DA-A4AF-4238-9CC5-A9ED615A70E0}.Release|iPhone.ActiveCfg = Release|Any CPU
		{4D7D84DA-A4AF-4238-9CC5-A9ED615A70E0}.Release|iPhone.Build.0 = Release|Any CPU
		{4D7D84DA-A4AF-4238-9CC5-A9ED615A70E0}.Release|iPhone.Deploy.0 = Release|Any CPU
		{4D7D84DA-A4AF-4238-9CC5-A9ED615A70E0}.Release|iPhoneSimulator.ActiveCfg = Release|Any CPU
		{4D7D84DA-A4AF-4238-9CC5-A9ED615A70E0}.Release|iPhoneSimulator.Build.0 = Release|Any CPU
		{4D7D84DA-A4AF-4238-9CC5-A9ED615A70E0}.Release|iPhoneSimulator.Deploy.0 = Release|Any CPU
		{4A931D1D-9848-4920-821E-FA1D035EF4F2}.Ad-Hoc|Any CPU.ActiveCfg = Ad-Hoc|iPhone
		{4A931D1D-9848-4920-821E-FA1D035EF4F2}.Ad-Hoc|Any CPU.Build.0 = Ad-Hoc|iPhone
		{4A931D1D-9848-4920-821E-FA1D035EF4F2}.Ad-Hoc|Any CPU.Deploy.0 = Ad-Hoc|iPhone
		{4A931D1D-9848-4920-821E-FA1D035EF4F2}.Ad-Hoc|iPhone.ActiveCfg = Ad-Hoc|iPhone
		{4A931D1D-9848-4920-821E-FA1D035EF4F2}.Ad-Hoc|iPhone.Build.0 = Ad-Hoc|iPhone
		{4A931D1D-9848-4920-821E-FA1D035EF4F2}.Ad-Hoc|iPhone.Deploy.0 = Ad-Hoc|iPhone
		{4A931D1D-9848-4920-821E-FA1D035EF4F2}.Ad-Hoc|iPhoneSimulator.ActiveCfg = Ad-Hoc|iPhoneSimulator
		{4A931D1D-9848-4920-821E-FA1D035EF4F2}.Ad-Hoc|iPhoneSimulator.Build.0 = Ad-Hoc|iPhoneSimulator
		{4A931D1D-9848-4920-821E-FA1D035EF4F2}.Ad-Hoc|iPhoneSimulator.Deploy.0 = Ad-Hoc|iPhoneSimulator
		{4A931D1D-9848-4920-821E-FA1D035EF4F2}.AppStore|Any CPU.ActiveCfg = AppStore|iPhone
		{4A931D1D-9848-4920-821E-FA1D035EF4F2}.AppStore|Any CPU.Build.0 = AppStore|iPhone
		{4A931D1D-9848-4920-821E-FA1D035EF4F2}.AppStore|Any CPU.Deploy.0 = AppStore|iPhone
		{4A931D1D-9848-4920-821E-FA1D035EF4F2}.AppStore|iPhone.ActiveCfg = AppStore|iPhone
		{4A931D1D-9848-4920-821E-FA1D035EF4F2}.AppStore|iPhone.Build.0 = AppStore|iPhone
		{4A931D1D-9848-4920-821E-FA1D035EF4F2}.AppStore|iPhone.Deploy.0 = AppStore|iPhone
		{4A931D1D-9848-4920-821E-FA1D035EF4F2}.AppStore|iPhoneSimulator.ActiveCfg = AppStore|iPhoneSimulator
		{4A931D1D-9848-4920-821E-FA1D035EF4F2}.AppStore|iPhoneSimulator.Build.0 = AppStore|iPhoneSimulator
		{4A931D1D-9848-4920-821E-FA1D035EF4F2}.AppStore|iPhoneSimulator.Deploy.0 = AppStore|iPhoneSimulator
		{4A931D1D-9848-4920-821E-FA1D035EF4F2}.Debug|Any CPU.ActiveCfg = Debug|iPhoneSimulator
		{4A931D1D-9848-4920-821E-FA1D035EF4F2}.Debug|Any CPU.Build.0 = Debug|iPhoneSimulator
		{4A931D1D-9848-4920-821E-FA1D035EF4F2}.Debug|Any CPU.Deploy.0 = Debug|iPhoneSimulator
		{4A931D1D-9848-4920-821E-FA1D035EF4F2}.Debug|iPhone.ActiveCfg = Debug|iPhone
		{4A931D1D-9848-4920-821E-FA1D035EF4F2}.Debug|iPhone.Build.0 = Debug|iPhone
		{4A931D1D-9848-4920-821E-FA1D035EF4F2}.Debug|iPhone.Deploy.0 = Debug|iPhone
		{4A931D1D-9848-4920-821E-FA1D035EF4F2}.Debug|iPhoneSimulator.ActiveCfg = Debug|iPhoneSimulator
		{4A931D1D-9848-4920-821E-FA1D035EF4F2}.Debug|iPhoneSimulator.Build.0 = Debug|iPhoneSimulator
		{4A931D1D-9848-4920-821E-FA1D035EF4F2}.Debug|iPhoneSimulator.Deploy.0 = Debug|iPhoneSimulator
		{4A931D1D-9848-4920-821E-FA1D035EF4F2}.Release|Any CPU.ActiveCfg = Release|iPhone
		{4A931D1D-9848-4920-821E-FA1D035EF4F2}.Release|Any CPU.Build.0 = Release|iPhone
		{4A931D1D-9848-4920-821E-FA1D035EF4F2}.Release|Any CPU.Deploy.0 = Release|iPhone
		{4A931D1D-9848-4920-821E-FA1D035EF4F2}.Release|iPhone.ActiveCfg = Release|iPhone
		{4A931D1D-9848-4920-821E-FA1D035EF4F2}.Release|iPhone.Build.0 = Release|iPhone
		{4A931D1D-9848-4920-821E-FA1D035EF4F2}.Release|iPhone.Deploy.0 = Release|iPhone
		{4A931D1D-9848-4920-821E-FA1D035EF4F2}.Release|iPhoneSimulator.ActiveCfg = Release|iPhoneSimulator
		{4A931D1D-9848-4920-821E-FA1D035EF4F2}.Release|iPhoneSimulator.Build.0 = Release|iPhoneSimulator
		{4A931D1D-9848-4920-821E-FA1D035EF4F2}.Release|iPhoneSimulator.Deploy.0 = Release|iPhoneSimulator
		{309B780B-3D41-46B4-ACC3-A6E4547CB048}.Ad-Hoc|Any CPU.ActiveCfg = Debug|Any CPU
		{309B780B-3D41-46B4-ACC3-A6E4547CB048}.Ad-Hoc|Any CPU.Build.0 = Debug|Any CPU
		{309B780B-3D41-46B4-ACC3-A6E4547CB048}.Ad-Hoc|Any CPU.Deploy.0 = Debug|Any CPU
		{309B780B-3D41-46B4-ACC3-A6E4547CB048}.Ad-Hoc|iPhone.ActiveCfg = Debug|Any CPU
		{309B780B-3D41-46B4-ACC3-A6E4547CB048}.Ad-Hoc|iPhone.Build.0 = Debug|Any CPU
		{309B780B-3D41-46B4-ACC3-A6E4547CB048}.Ad-Hoc|iPhone.Deploy.0 = Debug|Any CPU
		{309B780B-3D41-46B4-ACC3-A6E4547CB048}.Ad-Hoc|iPhoneSimulator.ActiveCfg = Debug|Any CPU
		{309B780B-3D41-46B4-ACC3-A6E4547CB048}.Ad-Hoc|iPhoneSimulator.Build.0 = Debug|Any CPU
		{309B780B-3D41-46B4-ACC3-A6E4547CB048}.Ad-Hoc|iPhoneSimulator.Deploy.0 = Debug|Any CPU
		{309B780B-3D41-46B4-ACC3-A6E4547CB048}.AppStore|Any CPU.ActiveCfg = Debug|Any CPU
		{309B780B-3D41-46B4-ACC3-A6E4547CB048}.AppStore|Any CPU.Build.0 = Debug|Any CPU
		{309B780B-3D41-46B4-ACC3-A6E4547CB048}.AppStore|Any CPU.Deploy.0 = Debug|Any CPU
		{309B780B-3D41-46B4-ACC3-A6E4547CB048}.AppStore|iPhone.ActiveCfg = Debug|Any CPU
		{309B780B-3D41-46B4-ACC3-A6E4547CB048}.AppStore|iPhone.Build.0 = Debug|Any CPU
		{309B780B-3D41-46B4-ACC3-A6E4547CB048}.AppStore|iPhone.Deploy.0 = Debug|Any CPU
		{309B780B-3D41-46B4-ACC3-A6E4547CB048}.AppStore|iPhoneSimulator.ActiveCfg = Debug|Any CPU
		{309B780B-3D41-46B4-ACC3-A6E4547CB048}.AppStore|iPhoneSimulator.Build.0 = Debug|Any CPU
		{309B780B-3D41-46B4-ACC3-A6E4547CB048}.AppStore|iPhoneSimulator.Deploy.0 = Debug|Any CPU
		{309B780B-3D41-46B4-ACC3-A6E4547CB048}.Debug|Any CPU.ActiveCfg = Debug|Any CPU
		{309B780B-3D41-46B4-ACC3-A6E4547CB048}.Debug|Any CPU.Build.0 = Debug|Any CPU
		{309B780B-3D41-46B4-ACC3-A6E4547CB048}.Debug|Any CPU.Deploy.0 = Debug|Any CPU
		{309B780B-3D41-46B4-ACC3-A6E4547CB048}.Debug|iPhone.ActiveCfg = Debug|Any CPU
		{309B780B-3D41-46B4-ACC3-A6E4547CB048}.Debug|iPhone.Build.0 = Debug|Any CPU
		{309B780B-3D41-46B4-ACC3-A6E4547CB048}.Debug|iPhone.Deploy.0 = Debug|Any CPU
		{309B780B-3D41-46B4-ACC3-A6E4547CB048}.Debug|iPhoneSimulator.ActiveCfg = Debug|Any CPU
		{309B780B-3D41-46B4-ACC3-A6E4547CB048}.Debug|iPhoneSimulator.Build.0 = Debug|Any CPU
		{309B780B-3D41-46B4-ACC3-A6E4547CB048}.Debug|iPhoneSimulator.Deploy.0 = Debug|Any CPU
		{309B780B-3D41-46B4-ACC3-A6E4547CB048}.Release|Any CPU.ActiveCfg = Release|Any CPU
		{309B780B-3D41-46B4-ACC3-A6E4547CB048}.Release|Any CPU.Build.0 = Release|Any CPU
		{309B780B-3D41-46B4-ACC3-A6E4547CB048}.Release|Any CPU.Deploy.0 = Release|Any CPU
		{309B780B-3D41-46B4-ACC3-A6E4547CB048}.Release|iPhone.ActiveCfg = Release|Any CPU
		{309B780B-3D41-46B4-ACC3-A6E4547CB048}.Release|iPhone.Build.0 = Release|Any CPU
		{309B780B-3D41-46B4-ACC3-A6E4547CB048}.Release|iPhone.Deploy.0 = Release|Any CPU
		{309B780B-3D41-46B4-ACC3-A6E4547CB048}.Release|iPhoneSimulator.ActiveCfg = Release|Any CPU
		{309B780B-3D41-46B4-ACC3-A6E4547CB048}.Release|iPhoneSimulator.Build.0 = Release|Any CPU
		{309B780B-3D41-46B4-ACC3-A6E4547CB048}.Release|iPhoneSimulator.Deploy.0 = Release|Any CPU
	EndGlobalSection
	GlobalSection(SolutionProperties) = preSolution
		HideSolutionNode = FALSE
	EndGlobalSection
	GlobalSection(ExtensibilityGlobals) = postSolution
		SolutionGuid = {26B77ADE-BBB9-47FC-AE03-9EE69509A389}
	EndGlobalSection
EndGlobal
